{
  "name": "victoriatapia2017",
  "version": "1.0.0",
  "lockfileVersion": 1,
  "requires": true,
  "dependencies": {
    "frow": {
      "version": "https://registry.npmjs.org/frow/-/frow-2.0.1.tgz",
      "integrity": "sha1-lLY8f1DNsUEsQX6qloPhJEgOfAY="
    },
    "normalize.css": {
      "version": "https://registry.npmjs.org/normalize.css/-/normalize.css-7.0.0.tgz",
      "integrity": "sha1-q/sd2CRwZ04DIrU86xqvQSk45L8="
    }
  }
}
